<?xml version="1.0" encoding="utf-8"?>
<Project ToolsVersion="4.0" xmlns="http://schemas.microsoft.com/developer/msbuild/2003">
  <ItemGroup>
    <Filter Include="cpython">
      <UniqueIdentifier>{9bf2eb64-31f7-450c-b266-976ec10fa6dd}</UniqueIdentifier>
    </Filter>
    <Filter Include="core">
      <UniqueIdentifier>{4f9140cf-f8dc-46bc-aebd-141fdaa3360e}</UniqueIdentifier>
    </Filter>
    <Filter Include="scripts">
      <UniqueIdentifier>{6c892490-a507-4812-a0ce-18b991102b91}</UniqueIdentifier>
    </Filter>
    <Filter Include="scripts\foo">
      <UniqueIdentifier>{e64bfd17-7a4a-4eee-89e9-6ab8fee99403}</UniqueIdentifier>
    </Filter>
  </ItemGroup>
  <ItemGroup>
    <ClCompile Include="cpython\cpython.cpp">
      <Filter>cpython</Filter>
    </ClCompile>
    <ClCompile Include="cpython\cpyobject.cpp">
      <Filter>cpython</Filter>
    </ClCompile>
    <ClCompile Include="cpython\cpyinterpreter.cpp">
      <Filter>cpython</Filter>
    </ClCompile>
    <ClCompile Include="cpython\cpytuple.cpp">
      <Filter>cpython</Filter>
    </ClCompile>
    <ClCompile Include="cpython\cpydict.cpp">
      <Filter>cpython</Filter>
    </ClCompile>
    <ClCompile Include="cpython\cpymodule.cpp">
      <Filter>cpython</Filter>
    </ClCompile>
    <ClCompile Include="cpython\cpyscope.cpp">
      <Filter>cpython</Filter>
    </ClCompile>
    <ClCompile Include="cpython\cpyfunc.cpp">
      <Filter>cpython</Filter>
    </ClCompile>
    <ClCompile Include="epython.cpp" />
  </ItemGroup>
  <ItemGroup>
    <ClInclude Include="cpython\cpython.h">
      <Filter>cpython</Filter>
    </ClInclude>
    <ClInclude Include="cpython\cpyobject.h">
      <Filter>cpython</Filter>
    </ClInclude>
    <ClInclude Include="cpython\cpyinterpreter.h">
      <Filter>cpython</Filter>
    </ClInclude>
    <ClInclude Include="cpython\cpygil.h">
      <Filter>cpython</Filter>
    </ClInclude>
    <ClInclude Include="cpython\cpytuple.h">
      <Filter>cpython</Filter>
    </ClInclude>
    <ClInclude Include="cpython\cpydict.h">
      <Filter>cpython</Filter>
    </ClInclude>
    <ClInclude Include="cpython\cpymodule.h">
      <Filter>cpython</Filter>
    </ClInclude>
    <ClInclude Include="cpython\cpyfunction.h">
      <Filter>cpython</Filter>
    </ClInclude>
    <ClInclude Include="cpython\cpyscope.h">
      <Filter>cpython</Filter>
    </ClInclude>
    <ClInclude Include="cpython\cpyconverter.h">
      <Filter>cpython</Filter>
    </ClInclude>
    <ClInclude Include="cpython\cpyclass.h">
      <Filter>cpython</Filter>
    </ClInclude>
    <ClInclude Include="cpython\cpyfunc.h">
      <Filter>cpython</Filter>
    </ClInclude>
    <ClInclude Include="core\functor.h">
      <Filter>core</Filter>
    </ClInclude>
    <ClInclude Include="core\signature.h">
      <Filter>core</Filter>
    </ClInclude>
    <ClInclude Include="core\typetraits.h">
      <Filter>core</Filter>
    </ClInclude>
    <ClInclude Include="core\typetuple.h">
      <Filter>core</Filter>
    </ClInclude>
    <ClInclude Include="cpython\preprocessor.h">
      <Filter>core</Filter>
    </ClInclude>
  </ItemGroup>
  <ItemGroup>
    <None Include="scripts\__init__.py">
      <Filter>scripts</Filter>
    </None>
    <None Include="scripts\printer.py">
      <Filter>scripts</Filter>
    </None>
    <None Include="scripts\stuff\__init__.py">
      <Filter>scripts\foo</Filter>
    </None>
    <None Include="scripts\stuff\foo.py">
      <Filter>scripts\foo</Filter>
    </None>
  </ItemGroup>
</Project>