<?xml version="1.0" encoding="utf-8"?>
<Project ToolsVersion="4.0" xmlns="http://schemas.microsoft.com/developer/msbuild/2003">
  <ItemGroup>
    <ClInclude Include="core\functor.h" />
    <ClInclude Include="core\signature.h" />
    <ClInclude Include="cpython\interpreter.h" />
    <ClInclude Include="cpython\environment.h" />
    <ClInclude Include="cpython\cpython.h" />
    <ClInclude Include="core\type_traits.h" />
    <ClInclude Include="core\type_tuple.h" />
    <ClInclude Include="cpython\object.h" />
    <ClInclude Include="cpython\tuple.h" />
    <ClInclude Include="cpython\dict.h" />
    <ClInclude Include="core\preprocessor.h" />
    <ClInclude Include="cpython\module.h" />
    <ClInclude Include="cpython\scope.h" />
    <ClInclude Include="cpython\function.h" />
    <ClInclude Include="cpython\gil.h" />
  </ItemGroup>
  <ItemGroup>
    <ClCompile Include="cpython\environment.cpp" />
    <ClCompile Include="cpython\interpreter.cpp" />
    <ClCompile Include="main.cpp" />
    <ClCompile Include="cpython\object.cpp" />
    <ClCompile Include="cpython\tuple.cpp" />
    <ClCompile Include="cpython\dict.cpp" />
    <ClCompile Include="cpython\scope.cpp" />
    <ClCompile Include="cpython\module.cpp" />
  </ItemGroup>
</Project>