<?xml version="1.0" encoding="utf-8"?>
<Project ToolsVersion="4.0" xmlns="http://schemas.microsoft.com/developer/msbuild/2003">
  <ItemGroup>
    <Filter Include="Source Files">
      <UniqueIdentifier>{4FC737F1-C7A5-4376-A066-2A32D752A2FF}</UniqueIdentifier>
      <Extensions>cpp;c;cc;cxx;def;odl;idl;hpj;bat;asm;asmx</Extensions>
    </Filter>
    <Filter Include="Header Files">
      <UniqueIdentifier>{93995380-89BD-4b04-88EB-625FBE52EBFB}</UniqueIdentifier>
      <Extensions>h;hh;hpp;hxx;hm;inl;inc;xsd</Extensions>
    </Filter>
    <Filter Include="Resource Files">
      <UniqueIdentifier>{67DA6AB6-F800-4c08-8B7A-83BB121AAD01}</UniqueIdentifier>
      <Extensions>rc;ico;cur;bmp;dlg;rc2;rct;bin;rgs;gif;jpg;jpeg;jpe;resx;tiff;tif;png;wav;mfcribbon-ms</Extensions>
    </Filter>
    <Filter Include="cpython">
      <UniqueIdentifier>{9bf2eb64-31f7-450c-b266-976ec10fa6dd}</UniqueIdentifier>
    </Filter>
  </ItemGroup>
  <ItemGroup>
    <ClCompile Include="epython.cpp">
      <Filter>Source Files</Filter>
    </ClCompile>
    <ClCompile Include="cpython\cpython.cpp">
      <Filter>cpython</Filter>
    </ClCompile>
    <ClCompile Include="cpython\cpyobject.cpp">
      <Filter>cpython</Filter>
    </ClCompile>
    <ClCompile Include="cpython\cpyinterpreter.cpp">
      <Filter>cpython</Filter>
    </ClCompile>
    <ClCompile Include="cpython\cpytuple.cpp">
      <Filter>cpython</Filter>
    </ClCompile>
    <ClCompile Include="cpython\cpydict.cpp">
      <Filter>cpython</Filter>
    </ClCompile>
    <ClCompile Include="cpython\cpymodule.cpp">
      <Filter>cpython</Filter>
    </ClCompile>
    <ClCompile Include="cpython\cpyscope.cpp">
      <Filter>cpython</Filter>
    </ClCompile>
    <ClCompile Include="cpython\cpyfunction.cpp">
      <Filter>cpython</Filter>
    </ClCompile>
  </ItemGroup>
  <ItemGroup>
    <None Include="test.py">
      <Filter>Source Files</Filter>
    </None>
  </ItemGroup>
  <ItemGroup>
    <ClInclude Include="cpython\cpython.h">
      <Filter>cpython</Filter>
    </ClInclude>
    <ClInclude Include="cpython\cpyobject.h">
      <Filter>cpython</Filter>
    </ClInclude>
    <ClInclude Include="cpython\cpyinterpreter.h">
      <Filter>cpython</Filter>
    </ClInclude>
    <ClInclude Include="cpython\cpygil.h">
      <Filter>cpython</Filter>
    </ClInclude>
    <ClInclude Include="cpython\cpytuple.h">
      <Filter>cpython</Filter>
    </ClInclude>
    <ClInclude Include="cpython\cpydict.h">
      <Filter>cpython</Filter>
    </ClInclude>
    <ClInclude Include="cpython\cpymodule.h">
      <Filter>cpython</Filter>
    </ClInclude>
    <ClInclude Include="cpython\preprocessor.h">
      <Filter>cpython</Filter>
    </ClInclude>
    <ClInclude Include="cpython\cpyfunction.h">
      <Filter>cpython</Filter>
    </ClInclude>
    <ClInclude Include="cpython\cpyscope.h">
      <Filter>cpython</Filter>
    </ClInclude>
    <ClInclude Include="cpython\typelist.h">
      <Filter>cpython</Filter>
    </ClInclude>
    <ClInclude Include="cpython\cpyconverter.h">
      <Filter>cpython</Filter>
    </ClInclude>
  </ItemGroup>
</Project>